
Microsoft Visual Studio Solution File, Format Version 12.00
# Visual Studio Version 17
VisualStudioVersion = 17.5.002.0
MinimumVisualStudioVersion = 10.0.40219.1
Project("{9A19103F-16F7-4668-BE54-9A1E7A4F7556}") = "HelloWorld", "HelloWorld.csproj", "{65441D65-FCDC-4471-9D22-F73E9DEA4D99}"
EndProject
Global
	GlobalSection(SolutionConfigurationPlatforms) = preSolution
		Debug|Any CPU = Debug|Any CPU
		Release|Any CPU = Release|Any CPU
	EndGlobalSection
	GlobalSection(ProjectConfigurationPlatforms) = postSolution
		{65441D65-FCDC-4471-9D22-F73E9DEA4D99}.Debug|Any CPU.ActiveCfg = Debug|Any CPU
		{65441D65-FCDC-4471-9D22-F73E9DEA4D99}.Debug|Any CPU.Build.0 = Debug|Any CPU
		{65441D65-FCDC-4471-9D22-F73E9DEA4D99}.Release|Any CPU.ActiveCfg = Release|Any CPU
		{65441D65-FCDC-4471-9D22-F73E9DEA4D99}.Release|Any CPU.Build.0 = Release|Any CPU
	EndGlobalSection
	GlobalSection(SolutionProperties) = preSolution
		HideSolutionNode = FALSE
	EndGlobalSection
	GlobalSection(ExtensibilityGlobals) = postSolution
		SolutionGuid = {03DB16E9-3BA8-49A4-B84B-84B73A88567F}
	EndGlobalSection
EndGlobal
